// !$*UTF8*$!
{
	archiveVersion = 1;
	classes = {
	};
	objectVersion = 51;
	objects = {

/* Begin PBXBuildFile section */
		50A4FD03DC34F7B285D2358B /* Pods_Budget_BuddyTests.framework in Frameworks */ = {isa = PBXBuildFile; fileRef = E268F1BC344247CF1E86E9CC /* Pods_Budget_BuddyTests.framework */; };
		A2056F5D263A3D6C00C6F321 /* SettingsViewController.swift in Sources */ = {isa = PBXBuildFile; fileRef = A2056F5C263A3D6C00C6F321 /* SettingsViewController.swift */; };
		A28433F92630E1B8001F7583 /* AnalyticsViewController.swift in Sources */ = {isa = PBXBuildFile; fileRef = A28433F82630E1B8001F7583 /* AnalyticsViewController.swift */; };
		A28433FE2630E22F001F7583 /* FeedViewController.swift in Sources */ = {isa = PBXBuildFile; fileRef = A28433FD2630E22F001F7583 /* FeedViewController.swift */; };
		B99A4BE7B1398C87668919AB /* Pods_Budget_Buddy.framework in Frameworks */ = {isa = PBXBuildFile; fileRef = EDF3AE371ACDBA28B9A955E9 /* Pods_Budget_Buddy.framework */; };
		BA6957CD2630B6F30064E5E4 /* AppDelegate.swift in Sources */ = {isa = PBXBuildFile; fileRef = BA6957CC2630B6F30064E5E4 /* AppDelegate.swift */; };
		BA6957CF2630B6F30064E5E4 /* SceneDelegate.swift in Sources */ = {isa = PBXBuildFile; fileRef = BA6957CE2630B6F30064E5E4 /* SceneDelegate.swift */; };
		BA6957D42630B6F30064E5E4 /* Main.storyboard in Resources */ = {isa = PBXBuildFile; fileRef = BA6957D22630B6F30064E5E4 /* Main.storyboard */; };
		BA6957D62630B6F40064E5E4 /* Assets.xcassets in Resources */ = {isa = PBXBuildFile; fileRef = BA6957D52630B6F40064E5E4 /* Assets.xcassets */; };
		BA6957D92630B6F40064E5E4 /* LaunchScreen.storyboard in Resources */ = {isa = PBXBuildFile; fileRef = BA6957D72630B6F40064E5E4 /* LaunchScreen.storyboard */; };
		BA6957E42630B6F40064E5E4 /* Budget_BuddyTests.swift in Sources */ = {isa = PBXBuildFile; fileRef = BA6957E32630B6F40064E5E4 /* Budget_BuddyTests.swift */; };
		BA6957EF2630B6F40064E5E4 /* Budget_BuddyUITests.swift in Sources */ = {isa = PBXBuildFile; fileRef = BA6957EE2630B6F40064E5E4 /* Budget_BuddyUITests.swift */; };
		C2085771362D4938D23F081E /* Pods_Budget_Buddy_Budget_BuddyUITests.framework in Frameworks */ = {isa = PBXBuildFile; fileRef = 53079ECBA644BE914C38AE49 /* Pods_Budget_Buddy_Budget_BuddyUITests.framework */; };
		D44D174B2630CC0C00AB77F6 /* LoginViewController.swift in Sources */ = {isa = PBXBuildFile; fileRef = D44D174A2630CC0C00AB77F6 /* LoginViewController.swift */; };
		D456C47F264077EA0005C163 /* LinkBankViewController.swift in Sources */ = {isa = PBXBuildFile; fileRef = D456C47E264077EA0005C163 /* LinkBankViewController.swift */; };
		D456C48426409B150005C163 /* SwitchTableViewCell.swift in Sources */ = {isa = PBXBuildFile; fileRef = D456C48326409B150005C163 /* SwitchTableViewCell.swift */; };
		D4C1EC31263DE1CA0088D252 /* SettingTableViewCell.swift in Sources */ = {isa = PBXBuildFile; fileRef = D4C1EC30263DE1CA0088D252 /* SettingTableViewCell.swift */; };
/* End PBXBuildFile section */

/* Begin PBXContainerItemProxy section */
		BA6957E02630B6F40064E5E4 /* PBXContainerItemProxy */ = {
			isa = PBXContainerItemProxy;
			containerPortal = BA6957C12630B6F30064E5E4 /* Project object */;
			proxyType = 1;
			remoteGlobalIDString = BA6957C82630B6F30064E5E4;
			remoteInfo = "Budget Buddy";
		};
		BA6957EB2630B6F40064E5E4 /* PBXContainerItemProxy */ = {
			isa = PBXContainerItemProxy;
			containerPortal = BA6957C12630B6F30064E5E4 /* Project object */;
			proxyType = 1;
			remoteGlobalIDString = BA6957C82630B6F30064E5E4;
			remoteInfo = "Budget Buddy";
		};
/* End PBXContainerItemProxy section */

/* Begin PBXFileReference section */
		35C01684C29986D24BD8B8CF /* Pods-Budget Buddy.release.xcconfig */ = {isa = PBXFileReference; includeInIndex = 1; lastKnownFileType = text.xcconfig; name = "Pods-Budget Buddy.release.xcconfig"; path = "Target Support Files/Pods-Budget Buddy/Pods-Budget Buddy.release.xcconfig"; sourceTree = "<group>"; };
		400952901BC25CF78A39FD94 /* Pods-Budget BuddyTests.release.xcconfig */ = {isa = PBXFileReference; includeInIndex = 1; lastKnownFileType = text.xcconfig; name = "Pods-Budget BuddyTests.release.xcconfig"; path = "Target Support Files/Pods-Budget BuddyTests/Pods-Budget BuddyTests.release.xcconfig"; sourceTree = "<group>"; };
		53079ECBA644BE914C38AE49 /* Pods_Budget_Buddy_Budget_BuddyUITests.framework */ = {isa = PBXFileReference; explicitFileType = wrapper.framework; includeInIndex = 0; path = Pods_Budget_Buddy_Budget_BuddyUITests.framework; sourceTree = BUILT_PRODUCTS_DIR; };
		6752933B8488AC3F616B8EC5 /* Pods-Budget Buddy-Budget BuddyUITests.debug.xcconfig */ = {isa = PBXFileReference; includeInIndex = 1; lastKnownFileType = text.xcconfig; name = "Pods-Budget Buddy-Budget BuddyUITests.debug.xcconfig"; path = "Target Support Files/Pods-Budget Buddy-Budget BuddyUITests/Pods-Budget Buddy-Budget BuddyUITests.debug.xcconfig"; sourceTree = "<group>"; };
		7ACEE0099F93DD3BBD5D6AE3 /* Pods-Budget BuddyTests.debug.xcconfig */ = {isa = PBXFileReference; includeInIndex = 1; lastKnownFileType = text.xcconfig; name = "Pods-Budget BuddyTests.debug.xcconfig"; path = "Target Support Files/Pods-Budget BuddyTests/Pods-Budget BuddyTests.debug.xcconfig"; sourceTree = "<group>"; };
		A13A3D36B4056ECFD9D82F42 /* Pods-Budget Buddy.debug.xcconfig */ = {isa = PBXFileReference; includeInIndex = 1; lastKnownFileType = text.xcconfig; name = "Pods-Budget Buddy.debug.xcconfig"; path = "Target Support Files/Pods-Budget Buddy/Pods-Budget Buddy.debug.xcconfig"; sourceTree = "<group>"; };
		A2056F5C263A3D6C00C6F321 /* SettingsViewController.swift */ = {isa = PBXFileReference; lastKnownFileType = sourcecode.swift; path = SettingsViewController.swift; sourceTree = "<group>"; };
		A28433F82630E1B8001F7583 /* AnalyticsViewController.swift */ = {isa = PBXFileReference; lastKnownFileType = sourcecode.swift; path = AnalyticsViewController.swift; sourceTree = "<group>"; };
		A28433FD2630E22F001F7583 /* FeedViewController.swift */ = {isa = PBXFileReference; lastKnownFileType = sourcecode.swift; path = FeedViewController.swift; sourceTree = "<group>"; };
		BA6957C92630B6F30064E5E4 /* Budget Buddy.app */ = {isa = PBXFileReference; explicitFileType = wrapper.application; includeInIndex = 0; path = "Budget Buddy.app"; sourceTree = BUILT_PRODUCTS_DIR; };
		BA6957CC2630B6F30064E5E4 /* AppDelegate.swift */ = {isa = PBXFileReference; lastKnownFileType = sourcecode.swift; path = AppDelegate.swift; sourceTree = "<group>"; };
		BA6957CE2630B6F30064E5E4 /* SceneDelegate.swift */ = {isa = PBXFileReference; lastKnownFileType = sourcecode.swift; path = SceneDelegate.swift; sourceTree = "<group>"; };
		BA6957D32630B6F30064E5E4 /* Base */ = {isa = PBXFileReference; lastKnownFileType = file.storyboard; name = Base; path = Base.lproj/Main.storyboard; sourceTree = "<group>"; };
		BA6957D52630B6F40064E5E4 /* Assets.xcassets */ = {isa = PBXFileReference; lastKnownFileType = folder.assetcatalog; path = Assets.xcassets; sourceTree = "<group>"; };
		BA6957D82630B6F40064E5E4 /* Base */ = {isa = PBXFileReference; lastKnownFileType = file.storyboard; name = Base; path = Base.lproj/LaunchScreen.storyboard; sourceTree = "<group>"; };
		BA6957DA2630B6F40064E5E4 /* Info.plist */ = {isa = PBXFileReference; lastKnownFileType = text.plist.xml; path = Info.plist; sourceTree = "<group>"; };
		BA6957DF2630B6F40064E5E4 /* Budget BuddyTests.xctest */ = {isa = PBXFileReference; explicitFileType = wrapper.cfbundle; includeInIndex = 0; path = "Budget BuddyTests.xctest"; sourceTree = BUILT_PRODUCTS_DIR; };
		BA6957E32630B6F40064E5E4 /* Budget_BuddyTests.swift */ = {isa = PBXFileReference; lastKnownFileType = sourcecode.swift; path = Budget_BuddyTests.swift; sourceTree = "<group>"; };
		BA6957E52630B6F40064E5E4 /* Info.plist */ = {isa = PBXFileReference; lastKnownFileType = text.plist.xml; path = Info.plist; sourceTree = "<group>"; };
		BA6957EA2630B6F40064E5E4 /* Budget BuddyUITests.xctest */ = {isa = PBXFileReference; explicitFileType = wrapper.cfbundle; includeInIndex = 0; path = "Budget BuddyUITests.xctest"; sourceTree = BUILT_PRODUCTS_DIR; };
		BA6957EE2630B6F40064E5E4 /* Budget_BuddyUITests.swift */ = {isa = PBXFileReference; lastKnownFileType = sourcecode.swift; path = Budget_BuddyUITests.swift; sourceTree = "<group>"; };
		BA6957F02630B6F40064E5E4 /* Info.plist */ = {isa = PBXFileReference; lastKnownFileType = text.plist.xml; path = Info.plist; sourceTree = "<group>"; };
		CB0BEDE3B0EF87E9EDF1B41E /* Pods-Budget Buddy-Budget BuddyUITests.release.xcconfig */ = {isa = PBXFileReference; includeInIndex = 1; lastKnownFileType = text.xcconfig; name = "Pods-Budget Buddy-Budget BuddyUITests.release.xcconfig"; path = "Target Support Files/Pods-Budget Buddy-Budget BuddyUITests/Pods-Budget Buddy-Budget BuddyUITests.release.xcconfig"; sourceTree = "<group>"; };
		D44D174A2630CC0C00AB77F6 /* LoginViewController.swift */ = {isa = PBXFileReference; lastKnownFileType = sourcecode.swift; path = LoginViewController.swift; sourceTree = "<group>"; };
		D456C47E264077EA0005C163 /* LinkBankViewController.swift */ = {isa = PBXFileReference; lastKnownFileType = sourcecode.swift; path = LinkBankViewController.swift; sourceTree = "<group>"; };
		D456C48326409B150005C163 /* SwitchTableViewCell.swift */ = {isa = PBXFileReference; lastKnownFileType = sourcecode.swift; path = SwitchTableViewCell.swift; sourceTree = "<group>"; };
		D4C1EC30263DE1CA0088D252 /* SettingTableViewCell.swift */ = {isa = PBXFileReference; lastKnownFileType = sourcecode.swift; path = SettingTableViewCell.swift; sourceTree = "<group>"; };
		E268F1BC344247CF1E86E9CC /* Pods_Budget_BuddyTests.framework */ = {isa = PBXFileReference; explicitFileType = wrapper.framework; includeInIndex = 0; path = Pods_Budget_BuddyTests.framework; sourceTree = BUILT_PRODUCTS_DIR; };
		EDF3AE371ACDBA28B9A955E9 /* Pods_Budget_Buddy.framework */ = {isa = PBXFileReference; explicitFileType = wrapper.framework; includeInIndex = 0; path = Pods_Budget_Buddy.framework; sourceTree = BUILT_PRODUCTS_DIR; };
/* End PBXFileReference section */

/* Begin PBXFrameworksBuildPhase section */
		BA6957C62630B6F30064E5E4 /* Frameworks */ = {
			isa = PBXFrameworksBuildPhase;
			buildActionMask = 2147483647;
			files = (
				B99A4BE7B1398C87668919AB /* Pods_Budget_Buddy.framework in Frameworks */,
			);
			runOnlyForDeploymentPostprocessing = 0;
		};
		BA6957DC2630B6F40064E5E4 /* Frameworks */ = {
			isa = PBXFrameworksBuildPhase;
			buildActionMask = 2147483647;
			files = (
				50A4FD03DC34F7B285D2358B /* Pods_Budget_BuddyTests.framework in Frameworks */,
			);
			runOnlyForDeploymentPostprocessing = 0;
		};
		BA6957E72630B6F40064E5E4 /* Frameworks */ = {
			isa = PBXFrameworksBuildPhase;
			buildActionMask = 2147483647;
			files = (
				C2085771362D4938D23F081E /* Pods_Budget_Buddy_Budget_BuddyUITests.framework in Frameworks */,
			);
			runOnlyForDeploymentPostprocessing = 0;
		};
/* End PBXFrameworksBuildPhase section */

/* Begin PBXGroup section */
		3E9482026EDCD00B1BB47E73 /* Pods */ = {
			isa = PBXGroup;
			children = (
				A13A3D36B4056ECFD9D82F42 /* Pods-Budget Buddy.debug.xcconfig */,
				35C01684C29986D24BD8B8CF /* Pods-Budget Buddy.release.xcconfig */,
				6752933B8488AC3F616B8EC5 /* Pods-Budget Buddy-Budget BuddyUITests.debug.xcconfig */,
				CB0BEDE3B0EF87E9EDF1B41E /* Pods-Budget Buddy-Budget BuddyUITests.release.xcconfig */,
				7ACEE0099F93DD3BBD5D6AE3 /* Pods-Budget BuddyTests.debug.xcconfig */,
				400952901BC25CF78A39FD94 /* Pods-Budget BuddyTests.release.xcconfig */,
			);
			path = Pods;
			sourceTree = "<group>";
		};
		90F4FB82F6EE82A0A73587D3 /* Frameworks */ = {
			isa = PBXGroup;
			children = (
				EDF3AE371ACDBA28B9A955E9 /* Pods_Budget_Buddy.framework */,
				53079ECBA644BE914C38AE49 /* Pods_Budget_Buddy_Budget_BuddyUITests.framework */,
				E268F1BC344247CF1E86E9CC /* Pods_Budget_BuddyTests.framework */,
			);
			name = Frameworks;
			sourceTree = "<group>";
		};
		BA6957C02630B6F30064E5E4 = {
			isa = PBXGroup;
			children = (
				BA6957CB2630B6F30064E5E4 /* Budget Buddy */,
				BA6957E22630B6F40064E5E4 /* Budget BuddyTests */,
				BA6957ED2630B6F40064E5E4 /* Budget BuddyUITests */,
				BA6957CA2630B6F30064E5E4 /* Products */,
				3E9482026EDCD00B1BB47E73 /* Pods */,
				90F4FB82F6EE82A0A73587D3 /* Frameworks */,
			);
			sourceTree = "<group>";
		};
		BA6957CA2630B6F30064E5E4 /* Products */ = {
			isa = PBXGroup;
			children = (
				BA6957C92630B6F30064E5E4 /* Budget Buddy.app */,
				BA6957DF2630B6F40064E5E4 /* Budget BuddyTests.xctest */,
				BA6957EA2630B6F40064E5E4 /* Budget BuddyUITests.xctest */,
			);
			name = Products;
			sourceTree = "<group>";
		};
		BA6957CB2630B6F30064E5E4 /* Budget Buddy */ = {
			isa = PBXGroup;
			children = (
				BA6957CC2630B6F30064E5E4 /* AppDelegate.swift */,
				BA6957CE2630B6F30064E5E4 /* SceneDelegate.swift */,
				BA6957D22630B6F30064E5E4 /* Main.storyboard */,
				BA6957D52630B6F40064E5E4 /* Assets.xcassets */,
				BA6957D72630B6F40064E5E4 /* LaunchScreen.storyboard */,
				BA6957DA2630B6F40064E5E4 /* Info.plist */,
				D44D174A2630CC0C00AB77F6 /* LoginViewController.swift */,
				A28433F82630E1B8001F7583 /* AnalyticsViewController.swift */,
				A28433FD2630E22F001F7583 /* FeedViewController.swift */,
				A2056F5C263A3D6C00C6F321 /* SettingsViewController.swift */,
				D4C1EC30263DE1CA0088D252 /* SettingTableViewCell.swift */,
				D456C47E264077EA0005C163 /* LinkBankViewController.swift */,
				D456C48326409B150005C163 /* SwitchTableViewCell.swift */,
			);
			path = "Budget Buddy";
			sourceTree = "<group>";
		};
		BA6957E22630B6F40064E5E4 /* Budget BuddyTests */ = {
			isa = PBXGroup;
			children = (
				BA6957E32630B6F40064E5E4 /* Budget_BuddyTests.swift */,
				BA6957E52630B6F40064E5E4 /* Info.plist */,
			);
			path = "Budget BuddyTests";
			sourceTree = "<group>";
		};
		BA6957ED2630B6F40064E5E4 /* Budget BuddyUITests */ = {
			isa = PBXGroup;
			children = (
				BA6957EE2630B6F40064E5E4 /* Budget_BuddyUITests.swift */,
				BA6957F02630B6F40064E5E4 /* Info.plist */,
			);
			path = "Budget BuddyUITests";
			sourceTree = "<group>";
		};
/* End PBXGroup section */

/* Begin PBXNativeTarget section */
		BA6957C82630B6F30064E5E4 /* Budget Buddy */ = {
			isa = PBXNativeTarget;
			buildConfigurationList = BA6957F32630B6F40064E5E4 /* Build configuration list for PBXNativeTarget "Budget Buddy" */;
			buildPhases = (
				774F56D6E5FE31CBBEBAC51E /* [CP] Check Pods Manifest.lock */,
				BA6957C52630B6F30064E5E4 /* Sources */,
				BA6957C62630B6F30064E5E4 /* Frameworks */,
				BA6957C72630B6F30064E5E4 /* Resources */,
				2EDF7DD11514E9D38EF63048 /* [CP] Embed Pods Frameworks */,
			);
			buildRules = (
			);
			dependencies = (
			);
			name = "Budget Buddy";
			productName = "Budget Buddy";
			productReference = BA6957C92630B6F30064E5E4 /* Budget Buddy.app */;
			productType = "com.apple.product-type.application";
		};
		BA6957DE2630B6F40064E5E4 /* Budget BuddyTests */ = {
			isa = PBXNativeTarget;
			buildConfigurationList = BA6957F62630B6F40064E5E4 /* Build configuration list for PBXNativeTarget "Budget BuddyTests" */;
			buildPhases = (
				1311BA9D11727F62F01A517F /* [CP] Check Pods Manifest.lock */,
				BA6957DB2630B6F40064E5E4 /* Sources */,
				BA6957DC2630B6F40064E5E4 /* Frameworks */,
				BA6957DD2630B6F40064E5E4 /* Resources */,
			);
			buildRules = (
			);
			dependencies = (
				BA6957E12630B6F40064E5E4 /* PBXTargetDependency */,
			);
			name = "Budget BuddyTests";
			productName = "Budget BuddyTests";
			productReference = BA6957DF2630B6F40064E5E4 /* Budget BuddyTests.xctest */;
			productType = "com.apple.product-type.bundle.unit-test";
		};
		BA6957E92630B6F40064E5E4 /* Budget BuddyUITests */ = {
			isa = PBXNativeTarget;
			buildConfigurationList = BA6957F92630B6F40064E5E4 /* Build configuration list for PBXNativeTarget "Budget BuddyUITests" */;
			buildPhases = (
				5EA58A0DE22FCEECA5D88476 /* [CP] Check Pods Manifest.lock */,
				BA6957E62630B6F40064E5E4 /* Sources */,
				BA6957E72630B6F40064E5E4 /* Frameworks */,
				BA6957E82630B6F40064E5E4 /* Resources */,
				8C0919213A94FEDE6329D07B /* [CP] Embed Pods Frameworks */,
			);
			buildRules = (
			);
			dependencies = (
				BA6957EC2630B6F40064E5E4 /* PBXTargetDependency */,
			);
			name = "Budget BuddyUITests";
			productName = "Budget BuddyUITests";
			productReference = BA6957EA2630B6F40064E5E4 /* Budget BuddyUITests.xctest */;
			productType = "com.apple.product-type.bundle.ui-testing";
		};
/* End PBXNativeTarget section */

/* Begin PBXProject section */
		BA6957C12630B6F30064E5E4 /* Project object */ = {
			isa = PBXProject;
			attributes = {
				LastSwiftUpdateCheck = 1240;
				LastUpgradeCheck = 1240;
				TargetAttributes = {
					BA6957C82630B6F30064E5E4 = {
						CreatedOnToolsVersion = 12.4;
					};
					BA6957DE2630B6F40064E5E4 = {
						CreatedOnToolsVersion = 12.4;
						TestTargetID = BA6957C82630B6F30064E5E4;
					};
					BA6957E92630B6F40064E5E4 = {
						CreatedOnToolsVersion = 12.4;
						TestTargetID = BA6957C82630B6F30064E5E4;
					};
				};
			};
			buildConfigurationList = BA6957C42630B6F30064E5E4 /* Build configuration list for PBXProject "Budget Buddy" */;
			compatibilityVersion = "Xcode 9.3";
			developmentRegion = en;
			hasScannedForEncodings = 0;
			knownRegions = (
				en,
				Base,
			);
			mainGroup = BA6957C02630B6F30064E5E4;
			productRefGroup = BA6957CA2630B6F30064E5E4 /* Products */;
			projectDirPath = "";
			projectRoot = "";
			targets = (
				BA6957C82630B6F30064E5E4 /* Budget Buddy */,
				BA6957DE2630B6F40064E5E4 /* Budget BuddyTests */,
				BA6957E92630B6F40064E5E4 /* Budget BuddyUITests */,
			);
		};
/* End PBXProject section */

/* Begin PBXResourcesBuildPhase section */
		BA6957C72630B6F30064E5E4 /* Resources */ = {
			isa = PBXResourcesBuildPhase;
			buildActionMask = 2147483647;
			files = (
				BA6957D92630B6F40064E5E4 /* LaunchScreen.storyboard in Resources */,
				BA6957D62630B6F40064E5E4 /* Assets.xcassets in Resources */,
				BA6957D42630B6F30064E5E4 /* Main.storyboard in Resources */,
			);
			runOnlyForDeploymentPostprocessing = 0;
		};
		BA6957DD2630B6F40064E5E4 /* Resources */ = {
			isa = PBXResourcesBuildPhase;
			buildActionMask = 2147483647;
			files = (
			);
			runOnlyForDeploymentPostprocessing = 0;
		};
		BA6957E82630B6F40064E5E4 /* Resources */ = {
			isa = PBXResourcesBuildPhase;
			buildActionMask = 2147483647;
			files = (
			);
			runOnlyForDeploymentPostprocessing = 0;
		};
/* End PBXResourcesBuildPhase section */

/* Begin PBXShellScriptBuildPhase section */
		1311BA9D11727F62F01A517F /* [CP] Check Pods Manifest.lock */ = {
			isa = PBXShellScriptBuildPhase;
			buildActionMask = 2147483647;
			files = (
			);
			inputFileListPaths = (
			);
			inputPaths = (
				"${PODS_PODFILE_DIR_PATH}/Podfile.lock",
				"${PODS_ROOT}/Manifest.lock",
			);
			name = "[CP] Check Pods Manifest.lock";
			outputFileListPaths = (
			);
			outputPaths = (
				"$(DERIVED_FILE_DIR)/Pods-Budget BuddyTests-checkManifestLockResult.txt",
			);
			runOnlyForDeploymentPostprocessing = 0;
			shellPath = /bin/sh;
			shellScript = "diff \"${PODS_PODFILE_DIR_PATH}/Podfile.lock\" \"${PODS_ROOT}/Manifest.lock\" > /dev/null\nif [ $? != 0 ] ; then\n    # print error to STDERR\n    echo \"error: The sandbox is not in sync with the Podfile.lock. Run 'pod install' or update your CocoaPods installation.\" >&2\n    exit 1\nfi\n# This output is used by Xcode 'outputs' to avoid re-running this script phase.\necho \"SUCCESS\" > \"${SCRIPT_OUTPUT_FILE_0}\"\n";
			showEnvVarsInLog = 0;
		};
		2EDF7DD11514E9D38EF63048 /* [CP] Embed Pods Frameworks */ = {
			isa = PBXShellScriptBuildPhase;
			buildActionMask = 2147483647;
			files = (
			);
			inputFileListPaths = (
				"${PODS_ROOT}/Target Support Files/Pods-Budget Buddy/Pods-Budget Buddy-frameworks-${CONFIGURATION}-input-files.xcfilelist",
			);
			name = "[CP] Embed Pods Frameworks";
			outputFileListPaths = (
				"${PODS_ROOT}/Target Support Files/Pods-Budget Buddy/Pods-Budget Buddy-frameworks-${CONFIGURATION}-output-files.xcfilelist",
			);
			runOnlyForDeploymentPostprocessing = 0;
			shellPath = /bin/sh;
			shellScript = "\"${PODS_ROOT}/Target Support Files/Pods-Budget Buddy/Pods-Budget Buddy-frameworks.sh\"\n";
			showEnvVarsInLog = 0;
		};
		5EA58A0DE22FCEECA5D88476 /* [CP] Check Pods Manifest.lock */ = {
			isa = PBXShellScriptBuildPhase;
			buildActionMask = 2147483647;
			files = (
			);
			inputFileListPaths = (
			);
			inputPaths = (
				"${PODS_PODFILE_DIR_PATH}/Podfile.lock",
				"${PODS_ROOT}/Manifest.lock",
			);
			name = "[CP] Check Pods Manifest.lock";
			outputFileListPaths = (
			);
			outputPaths = (
				"$(DERIVED_FILE_DIR)/Pods-Budget Buddy-Budget BuddyUITests-checkManifestLockResult.txt",
			);
			runOnlyForDeploymentPostprocessing = 0;
			shellPath = /bin/sh;
			shellScript = "diff \"${PODS_PODFILE_DIR_PATH}/Podfile.lock\" \"${PODS_ROOT}/Manifest.lock\" > /dev/null\nif [ $? != 0 ] ; then\n    # print error to STDERR\n    echo \"error: The sandbox is not in sync with the Podfile.lock. Run 'pod install' or update your CocoaPods installation.\" >&2\n    exit 1\nfi\n# This output is used by Xcode 'outputs' to avoid re-running this script phase.\necho \"SUCCESS\" > \"${SCRIPT_OUTPUT_FILE_0}\"\n";
			showEnvVarsInLog = 0;
		};
		774F56D6E5FE31CBBEBAC51E /* [CP] Check Pods Manifest.lock */ = {
			isa = PBXShellScriptBuildPhase;
			buildActionMask = 2147483647;
			files = (
			);
			inputFileListPaths = (
			);
			inputPaths = (
				"${PODS_PODFILE_DIR_PATH}/Podfile.lock",
				"${PODS_ROOT}/Manifest.lock",
			);
			name = "[CP] Check Pods Manifest.lock";
			outputFileListPaths = (
			);
			outputPaths = (
				"$(DERIVED_FILE_DIR)/Pods-Budget Buddy-checkManifestLockResult.txt",
			);
			runOnlyForDeploymentPostprocessing = 0;
			shellPath = /bin/sh;
			shellScript = "diff \"${PODS_PODFILE_DIR_PATH}/Podfile.lock\" \"${PODS_ROOT}/Manifest.lock\" > /dev/null\nif [ $? != 0 ] ; then\n    # print error to STDERR\n    echo \"error: The sandbox is not in sync with the Podfile.lock. Run 'pod install' or update your CocoaPods installation.\" >&2\n    exit 1\nfi\n# This output is used by Xcode 'outputs' to avoid re-running this script phase.\necho \"SUCCESS\" > \"${SCRIPT_OUTPUT_FILE_0}\"\n";
			showEnvVarsInLog = 0;
		};
		8C0919213A94FEDE6329D07B /* [CP] Embed Pods Frameworks */ = {
			isa = PBXShellScriptBuildPhase;
			buildActionMask = 2147483647;
			files = (
			);
			inputFileListPaths = (
				"${PODS_ROOT}/Target Support Files/Pods-Budget Buddy-Budget BuddyUITests/Pods-Budget Buddy-Budget BuddyUITests-frameworks-${CONFIGURATION}-input-files.xcfilelist",
			);
			name = "[CP] Embed Pods Frameworks";
			outputFileListPaths = (
				"${PODS_ROOT}/Target Support Files/Pods-Budget Buddy-Budget BuddyUITests/Pods-Budget Buddy-Budget BuddyUITests-frameworks-${CONFIGURATION}-output-files.xcfilelist",
			);
			runOnlyForDeploymentPostprocessing = 0;
			shellPath = /bin/sh;
			shellScript = "\"${PODS_ROOT}/Target Support Files/Pods-Budget Buddy-Budget BuddyUITests/Pods-Budget Buddy-Budget BuddyUITests-frameworks.sh\"\n";
			showEnvVarsInLog = 0;
		};
/* End PBXShellScriptBuildPhase section */

/* Begin PBXSourcesBuildPhase section */
		BA6957C52630B6F30064E5E4 /* Sources */ = {
			isa = PBXSourcesBuildPhase;
			buildActionMask = 2147483647;
			files = (
				D456C47F264077EA0005C163 /* LinkBankViewController.swift in Sources */,
				D44D174B2630CC0C00AB77F6 /* LoginViewController.swift in Sources */,
				BA6957CD2630B6F30064E5E4 /* AppDelegate.swift in Sources */,
				D4C1EC31263DE1CA0088D252 /* SettingTableViewCell.swift in Sources */,
				A28433FE2630E22F001F7583 /* FeedViewController.swift in Sources */,
				D456C48426409B150005C163 /* SwitchTableViewCell.swift in Sources */,
				BA6957CF2630B6F30064E5E4 /* SceneDelegate.swift in Sources */,
				A28433F92630E1B8001F7583 /* AnalyticsViewController.swift in Sources */,
				A2056F5D263A3D6C00C6F321 /* SettingsViewController.swift in Sources */,
			);
			runOnlyForDeploymentPostprocessing = 0;
		};
		BA6957DB2630B6F40064E5E4 /* Sources */ = {
			isa = PBXSourcesBuildPhase;
			buildActionMask = 2147483647;
			files = (
				BA6957E42630B6F40064E5E4 /* Budget_BuddyTests.swift in Sources */,
			);
			runOnlyForDeploymentPostprocessing = 0;
		};
		BA6957E62630B6F40064E5E4 /* Sources */ = {
			isa = PBXSourcesBuildPhase;
			buildActionMask = 2147483647;
			files = (
				BA6957EF2630B6F40064E5E4 /* Budget_BuddyUITests.swift in Sources */,
			);
			runOnlyForDeploymentPostprocessing = 0;
		};
/* End PBXSourcesBuildPhase section */

/* Begin PBXTargetDependency section */
		BA6957E12630B6F40064E5E4 /* PBXTargetDependency */ = {
			isa = PBXTargetDependency;
			target = BA6957C82630B6F30064E5E4 /* Budget Buddy */;
			targetProxy = BA6957E02630B6F40064E5E4 /* PBXContainerItemProxy */;
		};
		BA6957EC2630B6F40064E5E4 /* PBXTargetDependency */ = {
			isa = PBXTargetDependency;
			target = BA6957C82630B6F30064E5E4 /* Budget Buddy */;
			targetProxy = BA6957EB2630B6F40064E5E4 /* PBXContainerItemProxy */;
		};
/* End PBXTargetDependency section */

/* Begin PBXVariantGroup section */
		BA6957D22630B6F30064E5E4 /* Main.storyboard */ = {
			isa = PBXVariantGroup;
			children = (
				BA6957D32630B6F30064E5E4 /* Base */,
			);
			name = Main.storyboard;
			sourceTree = "<group>";
		};
		BA6957D72630B6F40064E5E4 /* LaunchScreen.storyboard */ = {
			isa = PBXVariantGroup;
			children = (
				BA6957D82630B6F40064E5E4 /* Base */,
			);
			name = LaunchScreen.storyboard;
			sourceTree = "<group>";
		};
/* End PBXVariantGroup section */

/* Begin XCBuildConfiguration section */
		BA6957F12630B6F40064E5E4 /* Debug */ = {
			isa = XCBuildConfiguration;
			buildSettings = {
				ALWAYS_SEARCH_USER_PATHS = NO;
				CLANG_ANALYZER_NONNULL = YES;
				CLANG_ANALYZER_NUMBER_OBJECT_CONVERSION = YES_AGGRESSIVE;
				CLANG_CXX_LANGUAGE_STANDARD = "gnu++14";
				CLANG_CXX_LIBRARY = "libc++";
				CLANG_ENABLE_MODULES = YES;
				CLANG_ENABLE_OBJC_ARC = YES;
				CLANG_ENABLE_OBJC_WEAK = YES;
				CLANG_WARN_BLOCK_CAPTURE_AUTORELEASING = YES;
				CLANG_WARN_BOOL_CONVERSION = YES;
				CLANG_WARN_COMMA = YES;
				CLANG_WARN_CONSTANT_CONVERSION = YES;
				CLANG_WARN_DEPRECATED_OBJC_IMPLEMENTATIONS = YES;
				CLANG_WARN_DIRECT_OBJC_ISA_USAGE = YES_ERROR;
				CLANG_WARN_DOCUMENTATION_COMMENTS = YES;
				CLANG_WARN_EMPTY_BODY = YES;
				CLANG_WARN_ENUM_CONVERSION = YES;
				CLANG_WARN_INFINITE_RECURSION = YES;
				CLANG_WARN_INT_CONVERSION = YES;
				CLANG_WARN_NON_LITERAL_NULL_CONVERSION = YES;
				CLANG_WARN_OBJC_IMPLICIT_RETAIN_SELF = YES;
				CLANG_WARN_OBJC_LITERAL_CONVERSION = YES;
				CLANG_WARN_OBJC_ROOT_CLASS = YES_ERROR;
				CLANG_WARN_QUOTED_INCLUDE_IN_FRAMEWORK_HEADER = YES;
				CLANG_WARN_RANGE_LOOP_ANALYSIS = YES;
				CLANG_WARN_STRICT_PROTOTYPES = YES;
				CLANG_WARN_SUSPICIOUS_MOVE = YES;
				CLANG_WARN_UNGUARDED_AVAILABILITY = YES_AGGRESSIVE;
				CLANG_WARN_UNREACHABLE_CODE = YES;
				CLANG_WARN__DUPLICATE_METHOD_MATCH = YES;
				COPY_PHASE_STRIP = NO;
				DEBUG_INFORMATION_FORMAT = dwarf;
				ENABLE_STRICT_OBJC_MSGSEND = YES;
				ENABLE_TESTABILITY = YES;
				GCC_C_LANGUAGE_STANDARD = gnu11;
				GCC_DYNAMIC_NO_PIC = NO;
				GCC_NO_COMMON_BLOCKS = YES;
				GCC_OPTIMIZATION_LEVEL = 0;
				GCC_PREPROCESSOR_DEFINITIONS = (
					"DEBUG=1",
					"$(inherited)",
				);
				GCC_WARN_64_TO_32_BIT_CONVERSION = YES;
				GCC_WARN_ABOUT_RETURN_TYPE = YES_ERROR;
				GCC_WARN_UNDECLARED_SELECTOR = YES;
				GCC_WARN_UNINITIALIZED_AUTOS = YES_AGGRESSIVE;
				GCC_WARN_UNUSED_FUNCTION = YES;
				GCC_WARN_UNUSED_VARIABLE = YES;
				IPHONEOS_DEPLOYMENT_TARGET = 14.4;
				MTL_ENABLE_DEBUG_INFO = INCLUDE_SOURCE;
				MTL_FAST_MATH = YES;
				ONLY_ACTIVE_ARCH = YES;
				SDKROOT = iphoneos;
				SWIFT_ACTIVE_COMPILATION_CONDITIONS = DEBUG;
				SWIFT_OPTIMIZATION_LEVEL = "-Onone";
			};
			name = Debug;
		};
		BA6957F22630B6F40064E5E4 /* Release */ = {
			isa = XCBuildConfiguration;
			buildSettings = {
				ALWAYS_SEARCH_USER_PATHS = NO;
				CLANG_ANALYZER_NONNULL = YES;
				CLANG_ANALYZER_NUMBER_OBJECT_CONVERSION = YES_AGGRESSIVE;
				CLANG_CXX_LANGUAGE_STANDARD = "gnu++14";
				CLANG_CXX_LIBRARY = "libc++";
				CLANG_ENABLE_MODULES = YES;
				CLANG_ENABLE_OBJC_ARC = YES;
				CLANG_ENABLE_OBJC_WEAK = YES;
				CLANG_WARN_BLOCK_CAPTURE_AUTORELEASING = YES;
				CLANG_WARN_BOOL_CONVERSION = YES;
				CLANG_WARN_COMMA = YES;
				CLANG_WARN_CONSTANT_CONVERSION = YES;
				CLANG_WARN_DEPRECATED_OBJC_IMPLEMENTATIONS = YES;
				CLANG_WARN_DIRECT_OBJC_ISA_USAGE = YES_ERROR;
				CLANG_WARN_DOCUMENTATION_COMMENTS = YES;
				CLANG_WARN_EMPTY_BODY = YES;
				CLANG_WARN_ENUM_CONVERSION = YES;
				CLANG_WARN_INFINITE_RECURSION = YES;
				CLANG_WARN_INT_CONVERSION = YES;
				CLANG_WARN_NON_LITERAL_NULL_CONVERSION = YES;
				CLANG_WARN_OBJC_IMPLICIT_RETAIN_SELF = YES;
				CLANG_WARN_OBJC_LITERAL_CONVERSION = YES;
				CLANG_WARN_OBJC_ROOT_CLASS = YES_ERROR;
				CLANG_WARN_QUOTED_INCLUDE_IN_FRAMEWORK_HEADER = YES;
				CLANG_WARN_RANGE_LOOP_ANALYSIS = YES;
				CLANG_WARN_STRICT_PROTOTYPES = YES;
				CLANG_WARN_SUSPICIOUS_MOVE = YES;
				CLANG_WARN_UNGUARDED_AVAILABILITY = YES_AGGRESSIVE;
				CLANG_WARN_UNREACHABLE_CODE = YES;
				CLANG_WARN__DUPLICATE_METHOD_MATCH = YES;
				COPY_PHASE_STRIP = NO;
				DEBUG_INFORMATION_FORMAT = "dwarf-with-dsym";
				ENABLE_NS_ASSERTIONS = NO;
				ENABLE_STRICT_OBJC_MSGSEND = YES;
				GCC_C_LANGUAGE_STANDARD = gnu11;
				GCC_NO_COMMON_BLOCKS = YES;
				GCC_WARN_64_TO_32_BIT_CONVERSION = YES;
				GCC_WARN_ABOUT_RETURN_TYPE = YES_ERROR;
				GCC_WARN_UNDECLARED_SELECTOR = YES;
				GCC_WARN_UNINITIALIZED_AUTOS = YES_AGGRESSIVE;
				GCC_WARN_UNUSED_FUNCTION = YES;
				GCC_WARN_UNUSED_VARIABLE = YES;
				IPHONEOS_DEPLOYMENT_TARGET = 14.4;
				MTL_ENABLE_DEBUG_INFO = NO;
				MTL_FAST_MATH = YES;
				SDKROOT = iphoneos;
				SWIFT_COMPILATION_MODE = wholemodule;
				SWIFT_OPTIMIZATION_LEVEL = "-O";
				VALIDATE_PRODUCT = YES;
			};
			name = Release;
		};
		BA6957F42630B6F40064E5E4 /* Debug */ = {
			isa = XCBuildConfiguration;
			baseConfigurationReference = A13A3D36B4056ECFD9D82F42 /* Pods-Budget Buddy.debug.xcconfig */;
			buildSettings = {
				ASSETCATALOG_COMPILER_APPICON_NAME = AppIcon;
				ASSETCATALOG_COMPILER_GLOBAL_ACCENT_COLOR_NAME = AccentColor;
				CODE_SIGN_STYLE = Automatic;
				DEVELOPMENT_TEAM = U74F7SD5GJ;
				INFOPLIST_FILE = "Budget Buddy/Info.plist";
				LD_RUNPATH_SEARCH_PATHS = (
					"$(inherited)",
					"@executable_path/Frameworks",
				);
				PRODUCT_BUNDLE_IDENTIFIER = "Henry-Nguyen.Budget-Buddy";
				PRODUCT_NAME = "$(TARGET_NAME)";
				SWIFT_VERSION = 5.0;
				TARGETED_DEVICE_FAMILY = "1,2";
			};
			name = Debug;
		};
		BA6957F52630B6F40064E5E4 /* Release */ = {
			isa = XCBuildConfiguration;
			baseConfigurationReference = 35C01684C29986D24BD8B8CF /* Pods-Budget Buddy.release.xcconfig */;
			buildSettings = {
				ASSETCATALOG_COMPILER_APPICON_NAME = AppIcon;
				ASSETCATALOG_COMPILER_GLOBAL_ACCENT_COLOR_NAME = AccentColor;
				CODE_SIGN_STYLE = Automatic;
				DEVELOPMENT_TEAM = U74F7SD5GJ;
				INFOPLIST_FILE = "Budget Buddy/Info.plist";
				LD_RUNPATH_SEARCH_PATHS = (
					"$(inherited)",
					"@executable_path/Frameworks",
				);
				PRODUCT_BUNDLE_IDENTIFIER = "Henry-Nguyen.Budget-Buddy";
				PRODUCT_NAME = "$(TARGET_NAME)";
				SWIFT_VERSION = 5.0;
				TARGETED_DEVICE_FAMILY = "1,2";
			};
			name = Release;
		};
		BA6957F72630B6F40064E5E4 /* Debug */ = {
			isa = XCBuildConfiguration;
			baseConfigurationReference = 7ACEE0099F93DD3BBD5D6AE3 /* Pods-Budget BuddyTests.debug.xcconfig */;
			buildSettings = {
				ALWAYS_EMBED_SWIFT_STANDARD_LIBRARIES = YES;
				BUNDLE_LOADER = "$(TEST_HOST)";
				CODE_SIGN_STYLE = Automatic;
				DEVELOPMENT_TEAM = U74F7SD5GJ;
				INFOPLIST_FILE = "Budget BuddyTests/Info.plist";
				IPHONEOS_DEPLOYMENT_TARGET = 14.4;
				LD_RUNPATH_SEARCH_PATHS = (
					"$(inherited)",
					"@executable_path/Frameworks",
					"@loader_path/Frameworks",
				);
				PRODUCT_BUNDLE_IDENTIFIER = "Henry-Nguyen.Budget-BuddyTests";
				PRODUCT_NAME = "$(TARGET_NAME)";
				SWIFT_VERSION = 5.0;
				TARGETED_DEVICE_FAMILY = "1,2";
				TEST_HOST = "$(BUILT_PRODUCTS_DIR)/Budget Buddy.app/Budget Buddy";
			};
			name = Debug;
		};
		BA6957F82630B6F40064E5E4 /* Release */ = {
			isa = XCBuildConfiguration;
			baseConfigurationReference = 400952901BC25CF78A39FD94 /* Pods-Budget BuddyTests.release.xcconfig */;
			buildSettings = {
				ALWAYS_EMBED_SWIFT_STANDARD_LIBRARIES = YES;
				BUNDLE_LOADER = "$(TEST_HOST)";
				CODE_SIGN_STYLE = Automatic;
				DEVELOPMENT_TEAM = U74F7SD5GJ;
				INFOPLIST_FILE = "Budget BuddyTests/Info.plist";
				IPHONEOS_DEPLOYMENT_TARGET = 14.4;
				LD_RUNPATH_SEARCH_PATHS = (
					"$(inherited)",
					"@executable_path/Frameworks",
					"@loader_path/Frameworks",
				);
				PRODUCT_BUNDLE_IDENTIFIER = "Henry-Nguyen.Budget-BuddyTests";
				PRODUCT_NAME = "$(TARGET_NAME)";
				SWIFT_VERSION = 5.0;
				TARGETED_DEVICE_FAMILY = "1,2";
				TEST_HOST = "$(BUILT_PRODUCTS_DIR)/Budget Buddy.app/Budget Buddy";
			};
			name = Release;
		};
		BA6957FA2630B6F40064E5E4 /* Debug */ = {
			isa = XCBuildConfiguration;
			baseConfigurationReference = 6752933B8488AC3F616B8EC5 /* Pods-Budget Buddy-Budget BuddyUITests.debug.xcconfig */;
			buildSettings = {
				ALWAYS_EMBED_SWIFT_STANDARD_LIBRARIES = YES;
				CODE_SIGN_STYLE = Automatic;
				DEVELOPMENT_TEAM = U74F7SD5GJ;
				INFOPLIST_FILE = "Budget BuddyUITests/Info.plist";
				LD_RUNPATH_SEARCH_PATHS = (
					"$(inherited)",
					"@executable_path/Frameworks",
					"@loader_path/Frameworks",
				);
				PRODUCT_BUNDLE_IDENTIFIER = "Henry-Nguyen.Budget-BuddyUITests";
				PRODUCT_NAME = "$(TARGET_NAME)";
				SWIFT_VERSION = 5.0;
				TARGETED_DEVICE_FAMILY = "1,2";
				TEST_TARGET_NAME = "Budget Buddy";
			};
			name = Debug;
		};
		BA6957FB2630B6F40064E5E4 /* Release */ = {
			isa = XCBuildConfiguration;
			baseConfigurationReference = CB0BEDE3B0EF87E9EDF1B41E /* Pods-Budget Buddy-Budget BuddyUITests.release.xcconfig */;
			buildSettings = {
				ALWAYS_EMBED_SWIFT_STANDARD_LIBRARIES = YES;
				CODE_SIGN_STYLE = Automatic;
				DEVELOPMENT_TEAM = U74F7SD5GJ;
				INFOPLIST_FILE = "Budget BuddyUITests/Info.plist";
				LD_RUNPATH_SEARCH_PATHS = (
					"$(inherited)",
					"@executable_path/Frameworks",
					"@loader_path/Frameworks",
				);
				PRODUCT_BUNDLE_IDENTIFIER = "Henry-Nguyen.Budget-BuddyUITests";
				PRODUCT_NAME = "$(TARGET_NAME)";
				SWIFT_VERSION = 5.0;
				TARGETED_DEVICE_FAMILY = "1,2";
				TEST_TARGET_NAME = "Budget Buddy";
			};
			name = Release;
		};
/* End XCBuildConfiguration section */

/* Begin XCConfigurationList section */
		BA6957C42630B6F30064E5E4 /* Build configuration list for PBXProject "Budget Buddy" */ = {
			isa = XCConfigurationList;
			buildConfigurations = (
				BA6957F12630B6F40064E5E4 /* Debug */,
				BA6957F22630B6F40064E5E4 /* Release */,
			);
			defaultConfigurationIsVisible = 0;
			defaultConfigurationName = Release;
		};
		BA6957F32630B6F40064E5E4 /* Build configuration list for PBXNativeTarget "Budget Buddy" */ = {
			isa = XCConfigurationList;
			buildConfigurations = (
				BA6957F42630B6F40064E5E4 /* Debug */,
				BA6957F52630B6F40064E5E4 /* Release */,
			);
			defaultConfigurationIsVisible = 0;
			defaultConfigurationName = Release;
		};
		BA6957F62630B6F40064E5E4 /* Build configuration list for PBXNativeTarget "Budget BuddyTests" */ = {
			isa = XCConfigurationList;
			buildConfigurations = (
				BA6957F72630B6F40064E5E4 /* Debug */,
				BA6957F82630B6F40064E5E4 /* Release */,
			);
			defaultConfigurationIsVisible = 0;
			defaultConfigurationName = Release;
		};
		BA6957F92630B6F40064E5E4 /* Build configuration list for PBXNativeTarget "Budget BuddyUITests" */ = {
			isa = XCConfigurationList;
			buildConfigurations = (
				BA6957FA2630B6F40064E5E4 /* Debug */,
				BA6957FB2630B6F40064E5E4 /* Release */,
			);
			defaultConfigurationIsVisible = 0;
			defaultConfigurationName = Release;
		};
/* End XCConfigurationList section */
	};
	rootObject = BA6957C12630B6F30064E5E4 /* Project object */;
}
